// !$*UTF8*$!
{
	archiveVersion = 1;
	classes = {
	};
	objectVersion = 56;
	objects = {

/* Begin PBXBuildFile section */
		210BAC3A2B65ED450046A0B1 /* LaunchView.swift in Sources */ = {isa = PBXBuildFile; fileRef = 210BAC392B65ED450046A0B1 /* LaunchView.swift */; };
		21460F782AEAF83900159E39 /* StoreKit.framework in Frameworks */ = {isa = PBXBuildFile; fileRef = 21460F772AEAF83900159E39 /* StoreKit.framework */; };
		21460F7B2AEAFAB100159E39 /* Store.swift in Sources */ = {isa = PBXBuildFile; fileRef = 21460F7A2AEAFAB100159E39 /* Store.swift */; };
		21A55A972AC0E18D00ED822B /* MatchAnimation.swift in Sources */ = {isa = PBXBuildFile; fileRef = 21A55A962AC0E18D00ED822B /* MatchAnimation.swift */; };
		21AB5D642A9CCBD10037FB73 /* MapViewModel.swift in Sources */ = {isa = PBXBuildFile; fileRef = 21AB5D632A9CCBD10037FB73 /* MapViewModel.swift */; };
		21AC2B062AD18DEC00B3F22B /* StreetReportCard.swift in Sources */ = {isa = PBXBuildFile; fileRef = 21AC2B052AD18DEC00B3F22B /* StreetReportCard.swift */; };
		21ACA93C2AB341EB00B62C16 /* ChatView.swift in Sources */ = {isa = PBXBuildFile; fileRef = 21ACA93B2AB341EB00B62C16 /* ChatView.swift */; };
		21AD9C6B2ACF235600BBECB9 /* StampDetail.swift in Sources */ = {isa = PBXBuildFile; fileRef = 21AD9C6A2ACF235600BBECB9 /* StampDetail.swift */; };
		21AD9C6D2ACF292B00BBECB9 /* PassPortStamp.swift in Sources */ = {isa = PBXBuildFile; fileRef = 21AD9C6C2ACF292B00BBECB9 /* PassPortStamp.swift */; };
		21ADEB2E2A98D73D002A24CB /* UserDot.swift in Sources */ = {isa = PBXBuildFile; fileRef = 21ADEB2D2A98D73D002A24CB /* UserDot.swift */; };
		21ADF42C2A9A2CCB00AD2AE8 /* StampView.swift in Sources */ = {isa = PBXBuildFile; fileRef = 21ADF42B2A9A2CCB00AD2AE8 /* StampView.swift */; };
		21ADF42E2A9A334500AD2AE8 /* SoundManager.swift in Sources */ = {isa = PBXBuildFile; fileRef = 21ADF42D2A9A334500AD2AE8 /* SoundManager.swift */; };
		21AE54FB2A8BB46100CF1820 /* OnboardI.swift in Sources */ = {isa = PBXBuildFile; fileRef = 21AE54FA2A8BB46100CF1820 /* OnboardI.swift */; };
		21AE54FE2A8BBC4000CF1820 /* SDWebImageSwiftUI in Frameworks */ = {isa = PBXBuildFile; productRef = 21AE54FD2A8BBC4000CF1820 /* SDWebImageSwiftUI */; };
		21AE607A2AA7343E0001BB48 /* MessagePreview.swift in Sources */ = {isa = PBXBuildFile; fileRef = 21AE60792AA7343E0001BB48 /* MessagePreview.swift */; };
		21AE607C2AA738600001BB48 /* MessagesView.swift in Sources */ = {isa = PBXBuildFile; fileRef = 21AE607B2AA738600001BB48 /* MessagesView.swift */; };
		21AE607E2AA7389F0001BB48 /* MessageViewModel.swift in Sources */ = {isa = PBXBuildFile; fileRef = 21AE607D2AA7389F0001BB48 /* MessageViewModel.swift */; };
		21AE60802AA7430C0001BB48 /* Message.swift in Sources */ = {isa = PBXBuildFile; fileRef = 21AE607F2AA7430C0001BB48 /* Message.swift */; };
		21AE60822AA7462C0001BB48 /* MessageBubble.swift in Sources */ = {isa = PBXBuildFile; fileRef = 21AE60812AA7462C0001BB48 /* MessageBubble.swift */; };
		21AED6872A8F150D000A1649 /* SpotThumbnail.swift in Sources */ = {isa = PBXBuildFile; fileRef = 21AED6862A8F150D000A1649 /* SpotThumbnail.swift */; };
		21B17AC02B016ADB0066DA83 /* ImagePicker.swift in Sources */ = {isa = PBXBuildFile; fileRef = 21B17ABF2B016ADB0066DA83 /* ImagePicker.swift */; };
		21B295FB2A8D3802007CF130 /* GoogleService-Info.plist in Resources */ = {isa = PBXBuildFile; fileRef = 21B295FA2A8D3802007CF130 /* GoogleService-Info.plist */; };
		21B3A70A2ABB0CFC0041F217 /* CardViewModel.swift in Sources */ = {isa = PBXBuildFile; fileRef = 21B3A7092ABB0CFC0041F217 /* CardViewModel.swift */; };
		21B3A70C2ABB1EB40041F217 /* WaveViewModel.swift in Sources */ = {isa = PBXBuildFile; fileRef = 21B3A70B2ABB1EB40041F217 /* WaveViewModel.swift */; };
		21B52F962A8E53E300C07CAB /* SignUpView.swift in Sources */ = {isa = PBXBuildFile; fileRef = 21B52F952A8E53E300C07CAB /* SignUpView.swift */; };
		21B5FF362A997BCA005DA658 /* BubbleView.swift in Sources */ = {isa = PBXBuildFile; fileRef = 21B5FF352A997BCA005DA658 /* BubbleView.swift */; };
		21B5FF382A998428005DA658 /* PublicStreetPass.swift in Sources */ = {isa = PBXBuildFile; fileRef = 21B5FF372A998428005DA658 /* PublicStreetPass.swift */; };
		21B790D82AF01EE500D0448E /* FirebaseMessaging in Frameworks */ = {isa = PBXBuildFile; productRef = 21B790D72AF01EE500D0448E /* FirebaseMessaging */; };
		21B790DA2AF023A300D0448E /* NotificationsManager.swift in Sources */ = {isa = PBXBuildFile; fileRef = 21B790D92AF023A300D0448E /* NotificationsManager.swift */; };
		21B7ED022A8665DA001BEF78 /* AnalyticsService.swift in Sources */ = {isa = PBXBuildFile; fileRef = 21B7ED012A8665DA001BEF78 /* AnalyticsService.swift */; };
		21B92D832A9E352B0024E835 /* StreetPass.swift in Sources */ = {isa = PBXBuildFile; fileRef = 21B92D822A9E352B0024E835 /* StreetPass.swift */; };
		21BB4CA22A83BFBE00A7FAD3 /* AnimationController.swift in Sources */ = {isa = PBXBuildFile; fileRef = 21BB4CA12A83BFBE00A7FAD3 /* AnimationController.swift */; };
		21BB4CA62A83C20E00A7FAD3 /* GoogleSignIn in Frameworks */ = {isa = PBXBuildFile; productRef = 21BB4CA52A83C20E00A7FAD3 /* GoogleSignIn */; };
		21BB4CA82A83C20E00A7FAD3 /* GoogleSignInSwift in Frameworks */ = {isa = PBXBuildFile; productRef = 21BB4CA72A83C20E00A7FAD3 /* GoogleSignInSwift */; };
		21BCDB4A2ACAFEBF00E316BF /* BucketList.swift in Sources */ = {isa = PBXBuildFile; fileRef = 21BCDB492ACAFEBF00E316BF /* BucketList.swift */; };
		21BCDB4C2ACB059500E316BF /* PinView.swift in Sources */ = {isa = PBXBuildFile; fileRef = 21BCDB4B2ACB059500E316BF /* PinView.swift */; };
		21CDB5F52A82A2C800A2E1FD /* CityXcapeApp.swift in Sources */ = {isa = PBXBuildFile; fileRef = 21CDB5F42A82A2C800A2E1FD /* CityXcapeApp.swift */; };
		21CDB5F72A82A2C800A2E1FD /* HomeView.swift in Sources */ = {isa = PBXBuildFile; fileRef = 21CDB5F62A82A2C800A2E1FD /* HomeView.swift */; };
		21CDB5F92A82A2C900A2E1FD /* Assets.xcassets in Resources */ = {isa = PBXBuildFile; fileRef = 21CDB5F82A82A2C900A2E1FD /* Assets.xcassets */; };
		21CDB5FC2A82A2C900A2E1FD /* Preview Assets.xcassets in Resources */ = {isa = PBXBuildFile; fileRef = 21CDB5FB2A82A2C900A2E1FD /* Preview Assets.xcassets */; };
		21CDB6062A82A6C900A2E1FD /* FirebaseAnalytics in Frameworks */ = {isa = PBXBuildFile; productRef = 21CDB6052A82A6C900A2E1FD /* FirebaseAnalytics */; };
		21CDB6082A82A6C900A2E1FD /* FirebaseAuth in Frameworks */ = {isa = PBXBuildFile; productRef = 21CDB6072A82A6C900A2E1FD /* FirebaseAuth */; };
		21CDB60A2A82A6C900A2E1FD /* FirebaseCrashlytics in Frameworks */ = {isa = PBXBuildFile; productRef = 21CDB6092A82A6C900A2E1FD /* FirebaseCrashlytics */; };
		21CDB60C2A82A6C900A2E1FD /* FirebaseFirestore in Frameworks */ = {isa = PBXBuildFile; productRef = 21CDB60B2A82A6C900A2E1FD /* FirebaseFirestore */; };
		21CDB60E2A82A6C900A2E1FD /* FirebaseFirestoreSwift in Frameworks */ = {isa = PBXBuildFile; productRef = 21CDB60D2A82A6C900A2E1FD /* FirebaseFirestoreSwift */; };
		21CDB6102A82A6C900A2E1FD /* FirebaseStorage in Frameworks */ = {isa = PBXBuildFile; productRef = 21CDB60F2A82A6C900A2E1FD /* FirebaseStorage */; };
		21CDB6132A82A9C500A2E1FD /* Location.swift in Sources */ = {isa = PBXBuildFile; fileRef = 21CDB6122A82A9C500A2E1FD /* Location.swift */; };
		21CDB6152A82A9D200A2E1FD /* User.swift in Sources */ = {isa = PBXBuildFile; fileRef = 21CDB6142A82A9D200A2E1FD /* User.swift */; };
		21CDB6192A82AA8A00A2E1FD /* Stamp.swift in Sources */ = {isa = PBXBuildFile; fileRef = 21CDB6182A82AA8A00A2E1FD /* Stamp.swift */; };
		21CE12532A9FACAB00D0889C /* PostForm.swift in Sources */ = {isa = PBXBuildFile; fileRef = 21CE12522A9FACAB00D0889C /* PostForm.swift */; };
		21CE1A762A86F616005DAD42 /* StartScreen.swift in Sources */ = {isa = PBXBuildFile; fileRef = 21CE1A752A86F616005DAD42 /* StartScreen.swift */; };
		21CE1A792A870744005DAD42 /* AsyncButton in Frameworks */ = {isa = PBXBuildFile; productRef = 21CE1A782A870744005DAD42 /* AsyncButton */; };
		21CE4A4F2AD84141004F9891 /* SpotAnalytics.swift in Sources */ = {isa = PBXBuildFile; fileRef = 21CE4A4E2AD84141004F9891 /* SpotAnalytics.swift */; };
		21CE839B2AA3411400D86F88 /* BuyStreetCred.swift in Sources */ = {isa = PBXBuildFile; fileRef = 21CE839A2AA3411400D86F88 /* BuyStreetCred.swift */; };
		21CE839E2AA3518A00D86F88 /* Shimmer in Frameworks */ = {isa = PBXBuildFile; productRef = 21CE839D2AA3518A00D86F88 /* Shimmer */; };
		21CE83A12AA3809D00D86F88 /* Stamp.mp3 in Resources */ = {isa = PBXBuildFile; fileRef = 21CE83A02AA3809D00D86F88 /* Stamp.mp3 */; };
		21CF24FA2AA5FDBA009BAF90 /* StreetPassViewModel.swift in Sources */ = {isa = PBXBuildFile; fileRef = 21CF24F92AA5FDBA009BAF90 /* StreetPassViewModel.swift */; };
		21CF24FC2AA61BE5009BAF90 /* CongratsView.swift in Sources */ = {isa = PBXBuildFile; fileRef = 21CF24FB2AA61BE5009BAF90 /* CongratsView.swift */; };
		21D03E322A8C026C00B07162 /* LocationView.swift in Sources */ = {isa = PBXBuildFile; fileRef = 21D03E312A8C026C00B07162 /* LocationView.swift */; };
		21D03E342A8C034800B07162 /* BlurView.swift in Sources */ = {isa = PBXBuildFile; fileRef = 21D03E332A8C034800B07162 /* BlurView.swift */; };
		21D03E362A8C097100B07162 /* CustomButton.swift in Sources */ = {isa = PBXBuildFile; fileRef = 21D03E352A8C097100B07162 /* CustomButton.swift */; };
		21D03E382A8C0DB100B07162 /* Particle.swift in Sources */ = {isa = PBXBuildFile; fileRef = 21D03E372A8C0DB100B07162 /* Particle.swift */; };
		21D467672A83E0E300973AB9 /* AuthService.swift in Sources */ = {isa = PBXBuildFile; fileRef = 21D467662A83E0E300973AB9 /* AuthService.swift */; };
		21D467692A83E70800973AB9 /* Utilities.swift in Sources */ = {isa = PBXBuildFile; fileRef = 21D467682A83E70800973AB9 /* Utilities.swift */; };
		21D4676B2A83EC9800973AB9 /* Extensions.swift in Sources */ = {isa = PBXBuildFile; fileRef = 21D4676A2A83EC9800973AB9 /* Extensions.swift */; };
		21D4676D2A83ED2700973AB9 /* DataService.swift in Sources */ = {isa = PBXBuildFile; fileRef = 21D4676C2A83ED2700973AB9 /* DataService.swift */; };
		21D70FD52AB5F7F800275B6B /* FriendsView.swift in Sources */ = {isa = PBXBuildFile; fileRef = 21D70FD42AB5F7F800275B6B /* FriendsView.swift */; };
		21D730DD2AB8AD6A00D50358 /* CardView.swift in Sources */ = {isa = PBXBuildFile; fileRef = 21D730DC2AB8AD6A00D50358 /* CardView.swift */; };
		21D730DF2AB8B3CE00D50358 /* ConnectionView.swift in Sources */ = {isa = PBXBuildFile; fileRef = 21D730DE2AB8B3CE00D50358 /* ConnectionView.swift */; };
		21D8B3F82AA0DDF80094679C /* ImageManger.swift in Sources */ = {isa = PBXBuildFile; fileRef = 21D8B3F72AA0DDF80094679C /* ImageManger.swift */; };
		21DAA49A2AE1BC80008F94C5 /* EditProfile.swift in Sources */ = {isa = PBXBuildFile; fileRef = 21DAA4992AE1BC80008F94C5 /* EditProfile.swift */; };
		21DAF7E82A93988F00AC1C28 /* LocationService.swift in Sources */ = {isa = PBXBuildFile; fileRef = 21DAF7E72A93988F00AC1C28 /* LocationService.swift */; };
		21DAF7EA2A939C3600AC1C28 /* Helpers.swift in Sources */ = {isa = PBXBuildFile; fileRef = 21DAF7E92A939C3600AC1C28 /* Helpers.swift */; };
		21DAF7ED2A93E43100AC1C28 /* LocationsViewModel.swift in Sources */ = {isa = PBXBuildFile; fileRef = 21DAF7EC2A93E43100AC1C28 /* LocationsViewModel.swift */; };
		21DDCEE62A97871A0028235C /* LocationsView.swift in Sources */ = {isa = PBXBuildFile; fileRef = 21DDCEE52A97871A0028235C /* LocationsView.swift */; };
		21DDCEE92A978D960028235C /* MapView.swift in Sources */ = {isa = PBXBuildFile; fileRef = 21DDCEE82A978D960028235C /* MapView.swift */; };
		21DDCEEB2A9791570028235C /* MapViewRepresentable.swift in Sources */ = {isa = PBXBuildFile; fileRef = 21DDCEEA2A9791570028235C /* MapViewRepresentable.swift */; };
		21F0F2A12ACDD55F002AF144 /* TravelDiary.swift in Sources */ = {isa = PBXBuildFile; fileRef = 21F0F2A02ACDD55F002AF144 /* TravelDiary.swift */; };
		21F0F2A32ACDD96A002AF144 /* StampThumbnail.swift in Sources */ = {isa = PBXBuildFile; fileRef = 21F0F2A22ACDD96A002AF144 /* StampThumbnail.swift */; };
		21FD6DB12B71B15300D86A1B /* World.swift in Sources */ = {isa = PBXBuildFile; fileRef = 21FD6DB02B71B15300D86A1B /* World.swift */; };
/* End PBXBuildFile section */

/* Begin PBXFileReference section */
		210BAC392B65ED450046A0B1 /* LaunchView.swift */ = {isa = PBXFileReference; lastKnownFileType = sourcecode.swift; path = LaunchView.swift; sourceTree = "<group>"; };
		21460F772AEAF83900159E39 /* StoreKit.framework */ = {isa = PBXFileReference; lastKnownFileType = wrapper.framework; name = StoreKit.framework; path = System/Library/Frameworks/StoreKit.framework; sourceTree = SDKROOT; };
		21460F792AEAF8D100159E39 /* Store.storekit */ = {isa = PBXFileReference; lastKnownFileType = text; path = Store.storekit; sourceTree = "<group>"; };
		21460F7A2AEAFAB100159E39 /* Store.swift */ = {isa = PBXFileReference; lastKnownFileType = sourcecode.swift; path = Store.swift; sourceTree = "<group>"; };
		21A55A962AC0E18D00ED822B /* MatchAnimation.swift */ = {isa = PBXFileReference; lastKnownFileType = sourcecode.swift; path = MatchAnimation.swift; sourceTree = "<group>"; };
		21AA5D012ADF28FB006D40BC /* DS-DIGI.TTF */ = {isa = PBXFileReference; lastKnownFileType = file; path = "DS-DIGI.TTF"; sourceTree = "<group>"; };
		21AB5D632A9CCBD10037FB73 /* MapViewModel.swift */ = {isa = PBXFileReference; lastKnownFileType = sourcecode.swift; path = MapViewModel.swift; sourceTree = "<group>"; };
		21AC2B052AD18DEC00B3F22B /* StreetReportCard.swift */ = {isa = PBXFileReference; lastKnownFileType = sourcecode.swift; path = StreetReportCard.swift; sourceTree = "<group>"; };
		21ACA93B2AB341EB00B62C16 /* ChatView.swift */ = {isa = PBXFileReference; lastKnownFileType = sourcecode.swift; path = ChatView.swift; sourceTree = "<group>"; };
		21AD9C6A2ACF235600BBECB9 /* StampDetail.swift */ = {isa = PBXFileReference; lastKnownFileType = sourcecode.swift; path = StampDetail.swift; sourceTree = "<group>"; };
		21AD9C6C2ACF292B00BBECB9 /* PassPortStamp.swift */ = {isa = PBXFileReference; lastKnownFileType = sourcecode.swift; path = PassPortStamp.swift; sourceTree = "<group>"; };
		21ADEB2D2A98D73D002A24CB /* UserDot.swift */ = {isa = PBXFileReference; lastKnownFileType = sourcecode.swift; path = UserDot.swift; sourceTree = "<group>"; };
		21ADF42B2A9A2CCB00AD2AE8 /* StampView.swift */ = {isa = PBXFileReference; lastKnownFileType = sourcecode.swift; path = StampView.swift; sourceTree = "<group>"; };
		21ADF42D2A9A334500AD2AE8 /* SoundManager.swift */ = {isa = PBXFileReference; lastKnownFileType = sourcecode.swift; path = SoundManager.swift; sourceTree = "<group>"; };
		21AE54FA2A8BB46100CF1820 /* OnboardI.swift */ = {isa = PBXFileReference; lastKnownFileType = sourcecode.swift; path = OnboardI.swift; sourceTree = "<group>"; };
		21AE60792AA7343E0001BB48 /* MessagePreview.swift */ = {isa = PBXFileReference; lastKnownFileType = sourcecode.swift; path = MessagePreview.swift; sourceTree = "<group>"; };
		21AE607B2AA738600001BB48 /* MessagesView.swift */ = {isa = PBXFileReference; lastKnownFileType = sourcecode.swift; path = MessagesView.swift; sourceTree = "<group>"; };
		21AE607D2AA7389F0001BB48 /* MessageViewModel.swift */ = {isa = PBXFileReference; lastKnownFileType = sourcecode.swift; path = MessageViewModel.swift; sourceTree = "<group>"; };
		21AE607F2AA7430C0001BB48 /* Message.swift */ = {isa = PBXFileReference; lastKnownFileType = sourcecode.swift; path = Message.swift; sourceTree = "<group>"; };
		21AE60812AA7462C0001BB48 /* MessageBubble.swift */ = {isa = PBXFileReference; lastKnownFileType = sourcecode.swift; path = MessageBubble.swift; sourceTree = "<group>"; };
		21AED6862A8F150D000A1649 /* SpotThumbnail.swift */ = {isa = PBXFileReference; lastKnownFileType = sourcecode.swift; path = SpotThumbnail.swift; sourceTree = "<group>"; };
		21B17ABF2B016ADB0066DA83 /* ImagePicker.swift */ = {isa = PBXFileReference; lastKnownFileType = sourcecode.swift; path = ImagePicker.swift; sourceTree = "<group>"; };
		21B295F92A8D3674007CF130 /* CityXcape.entitlements */ = {isa = PBXFileReference; lastKnownFileType = text.plist.entitlements; path = CityXcape.entitlements; sourceTree = "<group>"; };
		21B295FA2A8D3802007CF130 /* GoogleService-Info.plist */ = {isa = PBXFileReference; fileEncoding = 4; lastKnownFileType = text.plist.xml; path = "GoogleService-Info.plist"; sourceTree = "<group>"; };
		21B3A7092ABB0CFC0041F217 /* CardViewModel.swift */ = {isa = PBXFileReference; lastKnownFileType = sourcecode.swift; path = CardViewModel.swift; sourceTree = "<group>"; };
		21B3A70B2ABB1EB40041F217 /* WaveViewModel.swift */ = {isa = PBXFileReference; lastKnownFileType = sourcecode.swift; path = WaveViewModel.swift; sourceTree = "<group>"; };
		21B52F952A8E53E300C07CAB /* SignUpView.swift */ = {isa = PBXFileReference; lastKnownFileType = sourcecode.swift; path = SignUpView.swift; sourceTree = "<group>"; };
		21B5FF352A997BCA005DA658 /* BubbleView.swift */ = {isa = PBXFileReference; lastKnownFileType = sourcecode.swift; path = BubbleView.swift; sourceTree = "<group>"; };
		21B5FF372A998428005DA658 /* PublicStreetPass.swift */ = {isa = PBXFileReference; lastKnownFileType = sourcecode.swift; path = PublicStreetPass.swift; sourceTree = "<group>"; };
		21B790D92AF023A300D0448E /* NotificationsManager.swift */ = {isa = PBXFileReference; lastKnownFileType = sourcecode.swift; path = NotificationsManager.swift; sourceTree = "<group>"; };
		21B7ED012A8665DA001BEF78 /* AnalyticsService.swift */ = {isa = PBXFileReference; lastKnownFileType = sourcecode.swift; path = AnalyticsService.swift; sourceTree = "<group>"; };
		21B92D822A9E352B0024E835 /* StreetPass.swift */ = {isa = PBXFileReference; lastKnownFileType = sourcecode.swift; path = StreetPass.swift; sourceTree = "<group>"; };
		21BB4CA12A83BFBE00A7FAD3 /* AnimationController.swift */ = {isa = PBXFileReference; lastKnownFileType = sourcecode.swift; path = AnimationController.swift; sourceTree = "<group>"; };
		21BB4CA32A83C1AD00A7FAD3 /* Info.plist */ = {isa = PBXFileReference; lastKnownFileType = text.plist; path = Info.plist; sourceTree = "<group>"; };
		21BCDB492ACAFEBF00E316BF /* BucketList.swift */ = {isa = PBXFileReference; lastKnownFileType = sourcecode.swift; path = BucketList.swift; sourceTree = "<group>"; };
		21BCDB4B2ACB059500E316BF /* PinView.swift */ = {isa = PBXFileReference; lastKnownFileType = sourcecode.swift; path = PinView.swift; sourceTree = "<group>"; };
		21CDB5F12A82A2C800A2E1FD /* CityXcape.app */ = {isa = PBXFileReference; explicitFileType = wrapper.application; includeInIndex = 0; path = CityXcape.app; sourceTree = BUILT_PRODUCTS_DIR; };
		21CDB5F42A82A2C800A2E1FD /* CityXcapeApp.swift */ = {isa = PBXFileReference; lastKnownFileType = sourcecode.swift; path = CityXcapeApp.swift; sourceTree = "<group>"; };
		21CDB5F62A82A2C800A2E1FD /* HomeView.swift */ = {isa = PBXFileReference; lastKnownFileType = sourcecode.swift; path = HomeView.swift; sourceTree = "<group>"; };
		21CDB5F82A82A2C900A2E1FD /* Assets.xcassets */ = {isa = PBXFileReference; lastKnownFileType = folder.assetcatalog; path = Assets.xcassets; sourceTree = "<group>"; };
		21CDB5FB2A82A2C900A2E1FD /* Preview Assets.xcassets */ = {isa = PBXFileReference; lastKnownFileType = folder.assetcatalog; path = "Preview Assets.xcassets"; sourceTree = "<group>"; };
		21CDB6122A82A9C500A2E1FD /* Location.swift */ = {isa = PBXFileReference; lastKnownFileType = sourcecode.swift; path = Location.swift; sourceTree = "<group>"; };
		21CDB6142A82A9D200A2E1FD /* User.swift */ = {isa = PBXFileReference; lastKnownFileType = sourcecode.swift; path = User.swift; sourceTree = "<group>"; };
		21CDB6182A82AA8A00A2E1FD /* Stamp.swift */ = {isa = PBXFileReference; lastKnownFileType = sourcecode.swift; path = Stamp.swift; sourceTree = "<group>"; };
		21CE12522A9FACAB00D0889C /* PostForm.swift */ = {isa = PBXFileReference; lastKnownFileType = sourcecode.swift; path = PostForm.swift; sourceTree = "<group>"; };
		21CE1A752A86F616005DAD42 /* StartScreen.swift */ = {isa = PBXFileReference; lastKnownFileType = sourcecode.swift; path = StartScreen.swift; sourceTree = "<group>"; };
		21CE4A4E2AD84141004F9891 /* SpotAnalytics.swift */ = {isa = PBXFileReference; lastKnownFileType = sourcecode.swift; path = SpotAnalytics.swift; sourceTree = "<group>"; };
		21CE839A2AA3411400D86F88 /* BuyStreetCred.swift */ = {isa = PBXFileReference; lastKnownFileType = sourcecode.swift; path = BuyStreetCred.swift; sourceTree = "<group>"; };
		21CE839F2AA35FED00D86F88 /* times new roman.ttf */ = {isa = PBXFileReference; lastKnownFileType = file; path = "times new roman.ttf"; sourceTree = "<group>"; };
		21CE83A02AA3809D00D86F88 /* Stamp.mp3 */ = {isa = PBXFileReference; lastKnownFileType = audio.mp3; path = Stamp.mp3; sourceTree = "<group>"; };
		21CF24F92AA5FDBA009BAF90 /* StreetPassViewModel.swift */ = {isa = PBXFileReference; lastKnownFileType = sourcecode.swift; path = StreetPassViewModel.swift; sourceTree = "<group>"; };
		21CF24FB2AA61BE5009BAF90 /* CongratsView.swift */ = {isa = PBXFileReference; lastKnownFileType = sourcecode.swift; path = CongratsView.swift; sourceTree = "<group>"; };
		21D03E312A8C026C00B07162 /* LocationView.swift */ = {isa = PBXFileReference; lastKnownFileType = sourcecode.swift; path = LocationView.swift; sourceTree = "<group>"; };
		21D03E332A8C034800B07162 /* BlurView.swift */ = {isa = PBXFileReference; lastKnownFileType = sourcecode.swift; path = BlurView.swift; sourceTree = "<group>"; };
		21D03E352A8C097100B07162 /* CustomButton.swift */ = {isa = PBXFileReference; lastKnownFileType = sourcecode.swift; path = CustomButton.swift; sourceTree = "<group>"; };
		21D03E372A8C0DB100B07162 /* Particle.swift */ = {isa = PBXFileReference; lastKnownFileType = sourcecode.swift; path = Particle.swift; sourceTree = "<group>"; };
		21D467662A83E0E300973AB9 /* AuthService.swift */ = {isa = PBXFileReference; lastKnownFileType = sourcecode.swift; path = AuthService.swift; sourceTree = "<group>"; };
		21D467682A83E70800973AB9 /* Utilities.swift */ = {isa = PBXFileReference; lastKnownFileType = sourcecode.swift; path = Utilities.swift; sourceTree = "<group>"; };
		21D4676A2A83EC9800973AB9 /* Extensions.swift */ = {isa = PBXFileReference; lastKnownFileType = sourcecode.swift; path = Extensions.swift; sourceTree = "<group>"; };
		21D4676C2A83ED2700973AB9 /* DataService.swift */ = {isa = PBXFileReference; lastKnownFileType = sourcecode.swift; path = DataService.swift; sourceTree = "<group>"; };
		21D70FD42AB5F7F800275B6B /* FriendsView.swift */ = {isa = PBXFileReference; lastKnownFileType = sourcecode.swift; path = FriendsView.swift; sourceTree = "<group>"; };
		21D730DC2AB8AD6A00D50358 /* CardView.swift */ = {isa = PBXFileReference; lastKnownFileType = sourcecode.swift; path = CardView.swift; sourceTree = "<group>"; };
		21D730DE2AB8B3CE00D50358 /* ConnectionView.swift */ = {isa = PBXFileReference; lastKnownFileType = sourcecode.swift; path = ConnectionView.swift; sourceTree = "<group>"; };
		21D8B3F72AA0DDF80094679C /* ImageManger.swift */ = {isa = PBXFileReference; lastKnownFileType = sourcecode.swift; path = ImageManger.swift; sourceTree = "<group>"; };
		21DAA4992AE1BC80008F94C5 /* EditProfile.swift */ = {isa = PBXFileReference; lastKnownFileType = sourcecode.swift; path = EditProfile.swift; sourceTree = "<group>"; };
		21DAF7E72A93988F00AC1C28 /* LocationService.swift */ = {isa = PBXFileReference; lastKnownFileType = sourcecode.swift; path = LocationService.swift; sourceTree = "<group>"; };
		21DAF7E92A939C3600AC1C28 /* Helpers.swift */ = {isa = PBXFileReference; lastKnownFileType = sourcecode.swift; path = Helpers.swift; sourceTree = "<group>"; };
		21DAF7EC2A93E43100AC1C28 /* LocationsViewModel.swift */ = {isa = PBXFileReference; lastKnownFileType = sourcecode.swift; path = LocationsViewModel.swift; sourceTree = "<group>"; };
		21DDCEE52A97871A0028235C /* LocationsView.swift */ = {isa = PBXFileReference; lastKnownFileType = sourcecode.swift; path = LocationsView.swift; sourceTree = "<group>"; };
		21DDCEE82A978D960028235C /* MapView.swift */ = {isa = PBXFileReference; lastKnownFileType = sourcecode.swift; path = MapView.swift; sourceTree = "<group>"; };
		21DDCEEA2A9791570028235C /* MapViewRepresentable.swift */ = {isa = PBXFileReference; lastKnownFileType = sourcecode.swift; path = MapViewRepresentable.swift; sourceTree = "<group>"; };
		21F0F2A02ACDD55F002AF144 /* TravelDiary.swift */ = {isa = PBXFileReference; lastKnownFileType = sourcecode.swift; path = TravelDiary.swift; sourceTree = "<group>"; };
		21F0F2A22ACDD96A002AF144 /* StampThumbnail.swift */ = {isa = PBXFileReference; lastKnownFileType = sourcecode.swift; path = StampThumbnail.swift; sourceTree = "<group>"; };
		21FD6DB02B71B15300D86A1B /* World.swift */ = {isa = PBXFileReference; lastKnownFileType = sourcecode.swift; path = World.swift; sourceTree = "<group>"; };
/* End PBXFileReference section */

/* Begin PBXFrameworksBuildPhase section */
		21CDB5EE2A82A2C800A2E1FD /* Frameworks */ = {
			isa = PBXFrameworksBuildPhase;
			buildActionMask = 2147483647;
			files = (
				21AE54FE2A8BBC4000CF1820 /* SDWebImageSwiftUI in Frameworks */,
				21CDB60E2A82A6C900A2E1FD /* FirebaseFirestoreSwift in Frameworks */,
				21CDB60A2A82A6C900A2E1FD /* FirebaseCrashlytics in Frameworks */,
				21460F782AEAF83900159E39 /* StoreKit.framework in Frameworks */,
				21CDB60C2A82A6C900A2E1FD /* FirebaseFirestore in Frameworks */,
				21BB4CA82A83C20E00A7FAD3 /* GoogleSignInSwift in Frameworks */,
				21CDB6062A82A6C900A2E1FD /* FirebaseAnalytics in Frameworks */,
				21CDB6082A82A6C900A2E1FD /* FirebaseAuth in Frameworks */,
				21B790D82AF01EE500D0448E /* FirebaseMessaging in Frameworks */,
				21CDB6102A82A6C900A2E1FD /* FirebaseStorage in Frameworks */,
				21CE1A792A870744005DAD42 /* AsyncButton in Frameworks */,
				21BB4CA62A83C20E00A7FAD3 /* GoogleSignIn in Frameworks */,
				21CE839E2AA3518A00D86F88 /* Shimmer in Frameworks */,
			);
			runOnlyForDeploymentPostprocessing = 0;
		};
/* End PBXFrameworksBuildPhase section */

/* Begin PBXGroup section */
		21460F762AEAF83900159E39 /* Frameworks */ = {
			isa = PBXGroup;
			children = (
				21460F772AEAF83900159E39 /* StoreKit.framework */,
			);
			name = Frameworks;
			sourceTree = "<group>";
		};
		21ADF42F2A9A33C100AD2AE8 /* Sounds */ = {
			isa = PBXGroup;
			children = (
				21CE83A02AA3809D00D86F88 /* Stamp.mp3 */,
			);
			path = Sounds;
			sourceTree = "<group>";
		};
		21AE55002A8BBC9B00CF1820 /* Components */ = {
			isa = PBXGroup;
			children = (
				21AED6862A8F150D000A1649 /* SpotThumbnail.swift */,
				21D03E332A8C034800B07162 /* BlurView.swift */,
				21D03E352A8C097100B07162 /* CustomButton.swift */,
				21ADEB2D2A98D73D002A24CB /* UserDot.swift */,
				21B5FF352A997BCA005DA658 /* BubbleView.swift */,
				21BCDB4B2ACB059500E316BF /* PinView.swift */,
				21F0F2A22ACDD96A002AF144 /* StampThumbnail.swift */,
				21AD9C6A2ACF235600BBECB9 /* StampDetail.swift */,
				21B17ABF2B016ADB0066DA83 /* ImagePicker.swift */,
				210BAC392B65ED450046A0B1 /* LaunchView.swift */,
			);
			path = Components;
			sourceTree = "<group>";
		};
		21AE60782AA734150001BB48 /* Messages */ = {
			isa = PBXGroup;
			children = (
				21AE60792AA7343E0001BB48 /* MessagePreview.swift */,
				21AE607B2AA738600001BB48 /* MessagesView.swift */,
				21AE60812AA7462C0001BB48 /* MessageBubble.swift */,
				21ACA93B2AB341EB00B62C16 /* ChatView.swift */,
				21D70FD42AB5F7F800275B6B /* FriendsView.swift */,
			);
			path = Messages;
			sourceTree = "<group>";
		};
		21B7ED032A8666ED001BEF78 /* Core */ = {
			isa = PBXGroup;
			children = (
				21D730DB2AB8AD5500D50358 /* Connections */,
				21DDCEE42A9786FF0028235C /* Discover */,
				21DDCEE72A978A560028235C /* Map */,
				21AE60782AA734150001BB48 /* Messages */,
				21B92D812A9E351C0024E835 /* StreetPass */,
				21DAF7EB2A93E41700AC1C28 /* ViewModels */,
				21CDB6112A82A9AD00A2E1FD /* Models */,
				21AE55002A8BBC9B00CF1820 /* Components */,
				21D467642A83E0C100973AB9 /* Services */,
				21ADF42F2A9A33C100AD2AE8 /* Sounds */,
				21B7ED042A866930001BEF78 /* SignUp */,
			);
			path = Core;
			sourceTree = "<group>";
		};
		21B7ED042A866930001BEF78 /* SignUp */ = {
			isa = PBXGroup;
			children = (
				21CE1A752A86F616005DAD42 /* StartScreen.swift */,
				21AE54FA2A8BB46100CF1820 /* OnboardI.swift */,
				21B52F952A8E53E300C07CAB /* SignUpView.swift */,
			);
			path = SignUp;
			sourceTree = "<group>";
		};
		21B92D812A9E351C0024E835 /* StreetPass */ = {
			isa = PBXGroup;
			children = (
				21B5FF372A998428005DA658 /* PublicStreetPass.swift */,
				21B92D822A9E352B0024E835 /* StreetPass.swift */,
				21BCDB492ACAFEBF00E316BF /* BucketList.swift */,
				21F0F2A02ACDD55F002AF144 /* TravelDiary.swift */,
				21AD9C6C2ACF292B00BBECB9 /* PassPortStamp.swift */,
				21AC2B052AD18DEC00B3F22B /* StreetReportCard.swift */,
				21CE4A4E2AD84141004F9891 /* SpotAnalytics.swift */,
				21DAA4992AE1BC80008F94C5 /* EditProfile.swift */,
			);
			path = StreetPass;
			sourceTree = "<group>";
		};
		21BB4CA02A83BF9000A7FAD3 /* Helpers & Extensions */ = {
			isa = PBXGroup;
			children = (
				21BB4CA12A83BFBE00A7FAD3 /* AnimationController.swift */,
				21D4676A2A83EC9800973AB9 /* Extensions.swift */,
				21DAF7E92A939C3600AC1C28 /* Helpers.swift */,
			);
			path = "Helpers & Extensions";
			sourceTree = "<group>";
		};
		21CDB5E82A82A2C800A2E1FD = {
			isa = PBXGroup;
			children = (
				21CDB5F32A82A2C800A2E1FD /* CityXcape */,
				21CDB5F22A82A2C800A2E1FD /* Products */,
				21460F762AEAF83900159E39 /* Frameworks */,
			);
			sourceTree = "<group>";
		};
		21CDB5F22A82A2C800A2E1FD /* Products */ = {
			isa = PBXGroup;
			children = (
				21CDB5F12A82A2C800A2E1FD /* CityXcape.app */,
			);
			name = Products;
			sourceTree = "<group>";
		};
		21CDB5F32A82A2C800A2E1FD /* CityXcape */ = {
			isa = PBXGroup;
			children = (
				21B295F92A8D3674007CF130 /* CityXcape.entitlements */,
				21CDB5F42A82A2C800A2E1FD /* CityXcapeApp.swift */,
				21CDB5F62A82A2C800A2E1FD /* HomeView.swift */,
				21B7ED032A8666ED001BEF78 /* Core */,
				21CDB5F82A82A2C900A2E1FD /* Assets.xcassets */,
				21460F792AEAF8D100159E39 /* Store.storekit */,
				21B295FA2A8D3802007CF130 /* GoogleService-Info.plist */,
				21BB4CA32A83C1AD00A7FAD3 /* Info.plist */,
				21AA5D012ADF28FB006D40BC /* DS-DIGI.TTF */,
				21CE839F2AA35FED00D86F88 /* times new roman.ttf */,
				21CDB5FA2A82A2C900A2E1FD /* Preview Content */,
			);
			path = CityXcape;
			sourceTree = "<group>";
		};
		21CDB5FA2A82A2C900A2E1FD /* Preview Content */ = {
			isa = PBXGroup;
			children = (
				21CDB5FB2A82A2C900A2E1FD /* Preview Assets.xcassets */,
			);
			path = "Preview Content";
			sourceTree = "<group>";
		};
		21CDB6112A82A9AD00A2E1FD /* Models */ = {
			isa = PBXGroup;
			children = (
				21CDB6122A82A9C500A2E1FD /* Location.swift */,
				21CDB6142A82A9D200A2E1FD /* User.swift */,
				21CDB6182A82AA8A00A2E1FD /* Stamp.swift */,
				21AE607F2AA7430C0001BB48 /* Message.swift */,
				21D03E372A8C0DB100B07162 /* Particle.swift */,
				21FD6DB02B71B15300D86A1B /* World.swift */,
			);
			path = Models;
			sourceTree = "<group>";
		};
		21D467632A83E09900973AB9 /* Utilities */ = {
			isa = PBXGroup;
			children = (
				21D467682A83E70800973AB9 /* Utilities.swift */,
				21DAF7E72A93988F00AC1C28 /* LocationService.swift */,
				21ADF42D2A9A334500AD2AE8 /* SoundManager.swift */,
				21460F7A2AEAFAB100159E39 /* Store.swift */,
				21B790D92AF023A300D0448E /* NotificationsManager.swift */,
			);
			path = Utilities;
			sourceTree = "<group>";
		};
		21D467642A83E0C100973AB9 /* Services */ = {
			isa = PBXGroup;
			children = (
				21BB4CA02A83BF9000A7FAD3 /* Helpers & Extensions */,
				21D467652A83E0CD00973AB9 /* Firebase */,
				21D467632A83E09900973AB9 /* Utilities */,
			);
			path = Services;
			sourceTree = "<group>";
		};
		21D467652A83E0CD00973AB9 /* Firebase */ = {
			isa = PBXGroup;
			children = (
				21D467662A83E0E300973AB9 /* AuthService.swift */,
				21D4676C2A83ED2700973AB9 /* DataService.swift */,
				21B7ED012A8665DA001BEF78 /* AnalyticsService.swift */,
				21D8B3F72AA0DDF80094679C /* ImageManger.swift */,
			);
			path = Firebase;
			sourceTree = "<group>";
		};
		21D730DB2AB8AD5500D50358 /* Connections */ = {
			isa = PBXGroup;
			children = (
				21D730DC2AB8AD6A00D50358 /* CardView.swift */,
				21D730DE2AB8B3CE00D50358 /* ConnectionView.swift */,
				21CE839A2AA3411400D86F88 /* BuyStreetCred.swift */,
				21A55A962AC0E18D00ED822B /* MatchAnimation.swift */,
			);
			path = Connections;
			sourceTree = "<group>";
		};
		21DAF7EB2A93E41700AC1C28 /* ViewModels */ = {
			isa = PBXGroup;
			children = (
				21DAF7EC2A93E43100AC1C28 /* LocationsViewModel.swift */,
				21AB5D632A9CCBD10037FB73 /* MapViewModel.swift */,
				21CF24F92AA5FDBA009BAF90 /* StreetPassViewModel.swift */,
				21AE607D2AA7389F0001BB48 /* MessageViewModel.swift */,
				21B3A7092ABB0CFC0041F217 /* CardViewModel.swift */,
				21B3A70B2ABB1EB40041F217 /* WaveViewModel.swift */,
			);
			path = ViewModels;
			sourceTree = "<group>";
		};
		21DDCEE42A9786FF0028235C /* Discover */ = {
			isa = PBXGroup;
			children = (
				21DDCEE52A97871A0028235C /* LocationsView.swift */,
				21D03E312A8C026C00B07162 /* LocationView.swift */,
				21ADF42B2A9A2CCB00AD2AE8 /* StampView.swift */,
			);
			path = Discover;
			sourceTree = "<group>";
		};
		21DDCEE72A978A560028235C /* Map */ = {
			isa = PBXGroup;
			children = (
				21DDCEE82A978D960028235C /* MapView.swift */,
				21DDCEEA2A9791570028235C /* MapViewRepresentable.swift */,
				21CE12522A9FACAB00D0889C /* PostForm.swift */,
				21CF24FB2AA61BE5009BAF90 /* CongratsView.swift */,
			);
			path = Map;
			sourceTree = "<group>";
		};
/* End PBXGroup section */

/* Begin PBXNativeTarget section */
		21CDB5F02A82A2C800A2E1FD /* CityXcape */ = {
			isa = PBXNativeTarget;
			buildConfigurationList = 21CDB5FF2A82A2C900A2E1FD /* Build configuration list for PBXNativeTarget "CityXcape" */;
			buildPhases = (
				21CDB5ED2A82A2C800A2E1FD /* Sources */,
				21CDB5EE2A82A2C800A2E1FD /* Frameworks */,
				21CDB5EF2A82A2C800A2E1FD /* Resources */,
				21DAA49B2AE1F2BE008F94C5 /* ShellScript */,
			);
			buildRules = (
			);
			dependencies = (
			);
			name = CityXcape;
			packageProductDependencies = (
				21CDB6052A82A6C900A2E1FD /* FirebaseAnalytics */,
				21CDB6072A82A6C900A2E1FD /* FirebaseAuth */,
				21CDB6092A82A6C900A2E1FD /* FirebaseCrashlytics */,
				21CDB60B2A82A6C900A2E1FD /* FirebaseFirestore */,
				21CDB60D2A82A6C900A2E1FD /* FirebaseFirestoreSwift */,
				21CDB60F2A82A6C900A2E1FD /* FirebaseStorage */,
				21BB4CA52A83C20E00A7FAD3 /* GoogleSignIn */,
				21BB4CA72A83C20E00A7FAD3 /* GoogleSignInSwift */,
				21CE1A782A870744005DAD42 /* AsyncButton */,
				21AE54FD2A8BBC4000CF1820 /* SDWebImageSwiftUI */,
				21CE839D2AA3518A00D86F88 /* Shimmer */,
				21B790D72AF01EE500D0448E /* FirebaseMessaging */,
			);
			productName = CityXcape;
			productReference = 21CDB5F12A82A2C800A2E1FD /* CityXcape.app */;
			productType = "com.apple.product-type.application";
		};
/* End PBXNativeTarget section */

/* Begin PBXProject section */
		21CDB5E92A82A2C800A2E1FD /* Project object */ = {
			isa = PBXProject;
			attributes = {
				BuildIndependentTargetsInParallel = 1;
				LastSwiftUpdateCheck = 1430;
				LastUpgradeCheck = 1430;
				TargetAttributes = {
					21CDB5F02A82A2C800A2E1FD = {
						CreatedOnToolsVersion = 14.3.1;
					};
				};
			};
			buildConfigurationList = 21CDB5EC2A82A2C800A2E1FD /* Build configuration list for PBXProject "CityXcape" */;
			compatibilityVersion = "Xcode 14.0";
			developmentRegion = en;
			hasScannedForEncodings = 0;
			knownRegions = (
				en,
				Base,
			);
			mainGroup = 21CDB5E82A82A2C800A2E1FD;
			packageReferences = (
				21CDB6042A82A6C900A2E1FD /* XCRemoteSwiftPackageReference "firebase-ios-sdk" */,
				21BB4CA42A83C20E00A7FAD3 /* XCRemoteSwiftPackageReference "GoogleSignIn-iOS" */,
				21CE1A772A870744005DAD42 /* XCRemoteSwiftPackageReference "swiftui-async-button" */,
				21AE54FC2A8BBC4000CF1820 /* XCRemoteSwiftPackageReference "SDWebImageSwiftUI" */,
				21CE839C2AA3518A00D86F88 /* XCRemoteSwiftPackageReference "SwiftUI-Shimmer" */,
			);
			productRefGroup = 21CDB5F22A82A2C800A2E1FD /* Products */;
			projectDirPath = "";
			projectRoot = "";
			targets = (
				21CDB5F02A82A2C800A2E1FD /* CityXcape */,
			);
		};
/* End PBXProject section */

/* Begin PBXResourcesBuildPhase section */
		21CDB5EF2A82A2C800A2E1FD /* Resources */ = {
			isa = PBXResourcesBuildPhase;
			buildActionMask = 2147483647;
			files = (
				21CE83A12AA3809D00D86F88 /* Stamp.mp3 in Resources */,
				21CDB5FC2A82A2C900A2E1FD /* Preview Assets.xcassets in Resources */,
				21CDB5F92A82A2C900A2E1FD /* Assets.xcassets in Resources */,
				21B295FB2A8D3802007CF130 /* GoogleService-Info.plist in Resources */,
			);
			runOnlyForDeploymentPostprocessing = 0;
		};
/* End PBXResourcesBuildPhase section */

/* Begin PBXShellScriptBuildPhase section */
		21DAA49B2AE1F2BE008F94C5 /* ShellScript */ = {
			isa = PBXShellScriptBuildPhase;
			buildActionMask = 2147483647;
			files = (
			);
			inputFileListPaths = (
			);
			inputPaths = (
				"${DWARF_DSYM_FOLDER_PATH}/${DWARF_DSYM_FILE_NAME}",
				"${DWARF_DSYM_FOLDER_PATH}/${DWARF_DSYM_FILE_NAME}/Contents/Resources/DWARF/${PRODUCT_NAME}",
				"${DWARF_DSYM_FOLDER_PATH}/${DWARF_DSYM_FILE_NAME}/Contents/Info.plist",
				"$(TARGET_BUILD_DIR)/$(UNLOCALIZED_RESOURCES_FOLDER_PATH)/GoogleService-Info.plist",
				"$(TARGET_BUILD_DIR)/$(EXECUTABLE_PATH)",
			);
			outputFileListPaths = (
			);
			outputPaths = (
			);
			runOnlyForDeploymentPostprocessing = 0;
			shellPath = /bin/sh;
			shellScript = "# Type a script or drag a script file from your workspace to insert its path.\n\"${BUILD_DIR%/Build/*}/SourcePackages/checkouts/firebase-ios-sdk/Crashlytics/run\"\n";
		};
/* End PBXShellScriptBuildPhase section */

/* Begin PBXSourcesBuildPhase section */
		21CDB5ED2A82A2C800A2E1FD /* Sources */ = {
			isa = PBXSourcesBuildPhase;
			buildActionMask = 2147483647;
			files = (
				21B5FF362A997BCA005DA658 /* BubbleView.swift in Sources */,
				21CE4A4F2AD84141004F9891 /* SpotAnalytics.swift in Sources */,
				21D8B3F82AA0DDF80094679C /* ImageManger.swift in Sources */,
				21BCDB4C2ACB059500E316BF /* PinView.swift in Sources */,
				21CDB6152A82A9D200A2E1FD /* User.swift in Sources */,
				21AD9C6B2ACF235600BBECB9 /* StampDetail.swift in Sources */,
				21D03E382A8C0DB100B07162 /* Particle.swift in Sources */,
				21DDCEE92A978D960028235C /* MapView.swift in Sources */,
				21D03E362A8C097100B07162 /* CustomButton.swift in Sources */,
				21A55A972AC0E18D00ED822B /* MatchAnimation.swift in Sources */,
				21B790DA2AF023A300D0448E /* NotificationsManager.swift in Sources */,
				21CF24FA2AA5FDBA009BAF90 /* StreetPassViewModel.swift in Sources */,
				21DAF7E82A93988F00AC1C28 /* LocationService.swift in Sources */,
				21D03E322A8C026C00B07162 /* LocationView.swift in Sources */,
				21CE839B2AA3411400D86F88 /* BuyStreetCred.swift in Sources */,
				21ACA93C2AB341EB00B62C16 /* ChatView.swift in Sources */,
				21CE12532A9FACAB00D0889C /* PostForm.swift in Sources */,
				21AE60802AA7430C0001BB48 /* Message.swift in Sources */,
				21CDB6132A82A9C500A2E1FD /* Location.swift in Sources */,
				21B7ED022A8665DA001BEF78 /* AnalyticsService.swift in Sources */,
				21AB5D642A9CCBD10037FB73 /* MapViewModel.swift in Sources */,
				21460F7B2AEAFAB100159E39 /* Store.swift in Sources */,
				21ADF42C2A9A2CCB00AD2AE8 /* StampView.swift in Sources */,
				21B92D832A9E352B0024E835 /* StreetPass.swift in Sources */,
				21CF24FC2AA61BE5009BAF90 /* CongratsView.swift in Sources */,
				21DDCEE62A97871A0028235C /* LocationsView.swift in Sources */,
				21D03E342A8C034800B07162 /* BlurView.swift in Sources */,
				21AE54FB2A8BB46100CF1820 /* OnboardI.swift in Sources */,
				21AE607E2AA7389F0001BB48 /* MessageViewModel.swift in Sources */,
				21CE1A762A86F616005DAD42 /* StartScreen.swift in Sources */,
				21AC2B062AD18DEC00B3F22B /* StreetReportCard.swift in Sources */,
				21AED6872A8F150D000A1649 /* SpotThumbnail.swift in Sources */,
				21D730DF2AB8B3CE00D50358 /* ConnectionView.swift in Sources */,
				21DDCEEB2A9791570028235C /* MapViewRepresentable.swift in Sources */,
				21ADEB2E2A98D73D002A24CB /* UserDot.swift in Sources */,
				21B52F962A8E53E300C07CAB /* SignUpView.swift in Sources */,
				21CDB5F72A82A2C800A2E1FD /* HomeView.swift in Sources */,
				21ADF42E2A9A334500AD2AE8 /* SoundManager.swift in Sources */,
				21DAA49A2AE1BC80008F94C5 /* EditProfile.swift in Sources */,
				21AD9C6D2ACF292B00BBECB9 /* PassPortStamp.swift in Sources */,
				21B3A70A2ABB0CFC0041F217 /* CardViewModel.swift in Sources */,
				21D70FD52AB5F7F800275B6B /* FriendsView.swift in Sources */,
				21CDB5F52A82A2C800A2E1FD /* CityXcapeApp.swift in Sources */,
				21B3A70C2ABB1EB40041F217 /* WaveViewModel.swift in Sources */,
				21BB4CA22A83BFBE00A7FAD3 /* AnimationController.swift in Sources */,
				21FD6DB12B71B15300D86A1B /* World.swift in Sources */,
				21AE60822AA7462C0001BB48 /* MessageBubble.swift in Sources */,
				21D4676D2A83ED2700973AB9 /* DataService.swift in Sources */,
				21BCDB4A2ACAFEBF00E316BF /* BucketList.swift in Sources */,
				21F0F2A32ACDD96A002AF144 /* StampThumbnail.swift in Sources */,
				21D4676B2A83EC9800973AB9 /* Extensions.swift in Sources */,
				21B17AC02B016ADB0066DA83 /* ImagePicker.swift in Sources */,
				210BAC3A2B65ED450046A0B1 /* LaunchView.swift in Sources */,
				21B5FF382A998428005DA658 /* PublicStreetPass.swift in Sources */,
				21DAF7EA2A939C3600AC1C28 /* Helpers.swift in Sources */,
				21F0F2A12ACDD55F002AF144 /* TravelDiary.swift in Sources */,
				21DAF7ED2A93E43100AC1C28 /* LocationsViewModel.swift in Sources */,
				21D467692A83E70800973AB9 /* Utilities.swift in Sources */,
				21CDB6192A82AA8A00A2E1FD /* Stamp.swift in Sources */,
				21AE607A2AA7343E0001BB48 /* MessagePreview.swift in Sources */,
				21AE607C2AA738600001BB48 /* MessagesView.swift in Sources */,
				21D730DD2AB8AD6A00D50358 /* CardView.swift in Sources */,
				21D467672A83E0E300973AB9 /* AuthService.swift in Sources */,
			);
			runOnlyForDeploymentPostprocessing = 0;
		};
/* End PBXSourcesBuildPhase section */

/* Begin XCBuildConfiguration section */
		21CDB5FD2A82A2C900A2E1FD /* Debug */ = {
			isa = XCBuildConfiguration;
			buildSettings = {
				ALWAYS_SEARCH_USER_PATHS = NO;
				CLANG_ANALYZER_NONNULL = YES;
				CLANG_ANALYZER_NUMBER_OBJECT_CONVERSION = YES_AGGRESSIVE;
				CLANG_CXX_LANGUAGE_STANDARD = "gnu++20";
				CLANG_ENABLE_MODULES = YES;
				CLANG_ENABLE_OBJC_ARC = YES;
				CLANG_ENABLE_OBJC_WEAK = YES;
				CLANG_WARN_BLOCK_CAPTURE_AUTORELEASING = YES;
				CLANG_WARN_BOOL_CONVERSION = YES;
				CLANG_WARN_COMMA = YES;
				CLANG_WARN_CONSTANT_CONVERSION = YES;
				CLANG_WARN_DEPRECATED_OBJC_IMPLEMENTATIONS = YES;
				CLANG_WARN_DIRECT_OBJC_ISA_USAGE = YES_ERROR;
				CLANG_WARN_DOCUMENTATION_COMMENTS = YES;
				CLANG_WARN_EMPTY_BODY = YES;
				CLANG_WARN_ENUM_CONVERSION = YES;
				CLANG_WARN_INFINITE_RECURSION = YES;
				CLANG_WARN_INT_CONVERSION = YES;
				CLANG_WARN_NON_LITERAL_NULL_CONVERSION = YES;
				CLANG_WARN_OBJC_IMPLICIT_RETAIN_SELF = YES;
				CLANG_WARN_OBJC_LITERAL_CONVERSION = YES;
				CLANG_WARN_OBJC_ROOT_CLASS = YES_ERROR;
				CLANG_WARN_QUOTED_INCLUDE_IN_FRAMEWORK_HEADER = YES;
				CLANG_WARN_RANGE_LOOP_ANALYSIS = YES;
				CLANG_WARN_STRICT_PROTOTYPES = YES;
				CLANG_WARN_SUSPICIOUS_MOVE = YES;
				CLANG_WARN_UNGUARDED_AVAILABILITY = YES_AGGRESSIVE;
				CLANG_WARN_UNREACHABLE_CODE = YES;
				CLANG_WARN__DUPLICATE_METHOD_MATCH = YES;
				COPY_PHASE_STRIP = NO;
				DEBUG_INFORMATION_FORMAT = dwarf;
				ENABLE_STRICT_OBJC_MSGSEND = YES;
				ENABLE_TESTABILITY = YES;
				GCC_C_LANGUAGE_STANDARD = gnu11;
				GCC_DYNAMIC_NO_PIC = NO;
				GCC_NO_COMMON_BLOCKS = YES;
				GCC_OPTIMIZATION_LEVEL = 0;
				GCC_PREPROCESSOR_DEFINITIONS = (
					"DEBUG=1",
					"$(inherited)",
				);
				GCC_WARN_64_TO_32_BIT_CONVERSION = YES;
				GCC_WARN_ABOUT_RETURN_TYPE = YES_ERROR;
				GCC_WARN_UNDECLARED_SELECTOR = YES;
				GCC_WARN_UNINITIALIZED_AUTOS = YES_AGGRESSIVE;
				GCC_WARN_UNUSED_FUNCTION = YES;
				GCC_WARN_UNUSED_VARIABLE = YES;
				IPHONEOS_DEPLOYMENT_TARGET = 16.4;
				MTL_ENABLE_DEBUG_INFO = INCLUDE_SOURCE;
				MTL_FAST_MATH = YES;
				ONLY_ACTIVE_ARCH = YES;
				SDKROOT = iphoneos;
				SWIFT_ACTIVE_COMPILATION_CONDITIONS = DEBUG;
				SWIFT_OPTIMIZATION_LEVEL = "-Onone";
			};
			name = Debug;
		};
		21CDB5FE2A82A2C900A2E1FD /* Release */ = {
			isa = XCBuildConfiguration;
			buildSettings = {
				ALWAYS_SEARCH_USER_PATHS = NO;
				CLANG_ANALYZER_NONNULL = YES;
				CLANG_ANALYZER_NUMBER_OBJECT_CONVERSION = YES_AGGRESSIVE;
				CLANG_CXX_LANGUAGE_STANDARD = "gnu++20";
				CLANG_ENABLE_MODULES = YES;
				CLANG_ENABLE_OBJC_ARC = YES;
				CLANG_ENABLE_OBJC_WEAK = YES;
				CLANG_WARN_BLOCK_CAPTURE_AUTORELEASING = YES;
				CLANG_WARN_BOOL_CONVERSION = YES;
				CLANG_WARN_COMMA = YES;
				CLANG_WARN_CONSTANT_CONVERSION = YES;
				CLANG_WARN_DEPRECATED_OBJC_IMPLEMENTATIONS = YES;
				CLANG_WARN_DIRECT_OBJC_ISA_USAGE = YES_ERROR;
				CLANG_WARN_DOCUMENTATION_COMMENTS = YES;
				CLANG_WARN_EMPTY_BODY = YES;
				CLANG_WARN_ENUM_CONVERSION = YES;
				CLANG_WARN_INFINITE_RECURSION = YES;
				CLANG_WARN_INT_CONVERSION = YES;
				CLANG_WARN_NON_LITERAL_NULL_CONVERSION = YES;
				CLANG_WARN_OBJC_IMPLICIT_RETAIN_SELF = YES;
				CLANG_WARN_OBJC_LITERAL_CONVERSION = YES;
				CLANG_WARN_OBJC_ROOT_CLASS = YES_ERROR;
				CLANG_WARN_QUOTED_INCLUDE_IN_FRAMEWORK_HEADER = YES;
				CLANG_WARN_RANGE_LOOP_ANALYSIS = YES;
				CLANG_WARN_STRICT_PROTOTYPES = YES;
				CLANG_WARN_SUSPICIOUS_MOVE = YES;
				CLANG_WARN_UNGUARDED_AVAILABILITY = YES_AGGRESSIVE;
				CLANG_WARN_UNREACHABLE_CODE = YES;
				CLANG_WARN__DUPLICATE_METHOD_MATCH = YES;
				COPY_PHASE_STRIP = NO;
				DEBUG_INFORMATION_FORMAT = "dwarf-with-dsym";
				ENABLE_NS_ASSERTIONS = NO;
				ENABLE_STRICT_OBJC_MSGSEND = YES;
				GCC_C_LANGUAGE_STANDARD = gnu11;
				GCC_NO_COMMON_BLOCKS = YES;
				GCC_WARN_64_TO_32_BIT_CONVERSION = YES;
				GCC_WARN_ABOUT_RETURN_TYPE = YES_ERROR;
				GCC_WARN_UNDECLARED_SELECTOR = YES;
				GCC_WARN_UNINITIALIZED_AUTOS = YES_AGGRESSIVE;
				GCC_WARN_UNUSED_FUNCTION = YES;
				GCC_WARN_UNUSED_VARIABLE = YES;
				IPHONEOS_DEPLOYMENT_TARGET = 16.4;
				MTL_ENABLE_DEBUG_INFO = NO;
				MTL_FAST_MATH = YES;
				SDKROOT = iphoneos;
				SWIFT_COMPILATION_MODE = wholemodule;
				SWIFT_OPTIMIZATION_LEVEL = "-O";
				VALIDATE_PRODUCT = YES;
			};
			name = Release;
		};
		21CDB6002A82A2C900A2E1FD /* Debug */ = {
			isa = XCBuildConfiguration;
			buildSettings = {
				ASSETCATALOG_COMPILER_APPICON_NAME = AppIcon;
				ASSETCATALOG_COMPILER_GLOBAL_ACCENT_COLOR_NAME = AccentColor;
				CODE_SIGN_ENTITLEMENTS = CityXcape/CityXcape.entitlements;
				CODE_SIGN_STYLE = Automatic;
				CURRENT_PROJECT_VERSION = 1;
				DEBUG_INFORMATION_FORMAT = "dwarf-with-dsym";
				DEVELOPMENT_ASSET_PATHS = "\"CityXcape/Preview Content\"";
				DEVELOPMENT_TEAM = M85RTB7279;
				ENABLE_PREVIEWS = YES;
				GENERATE_INFOPLIST_FILE = YES;
				INFOPLIST_FILE = CityXcape/Info.plist;
				INFOPLIST_KEY_NSCameraUsageDescription = "CityXcape needs access to your camera for spot image";
				INFOPLIST_KEY_NSLocationAlwaysAndWhenInUseUsageDescription = "CityXcape needs your location to find spots near you";
				INFOPLIST_KEY_NSLocationWhenInUseUsageDescription = "CityXcape needs your location to find spots near you";
				INFOPLIST_KEY_NSPhotoLibraryAddUsageDescription = "CityXcape wants to save your stamps";
				INFOPLIST_KEY_NSPhotoLibraryUsageDescription = "CityXcape needs access to your photo library for spot images";
				INFOPLIST_KEY_UIApplicationSceneManifest_Generation = YES;
				INFOPLIST_KEY_UIApplicationSupportsIndirectInputEvents = YES;
				INFOPLIST_KEY_UILaunchScreen_Generation = YES;
				INFOPLIST_KEY_UISupportedInterfaceOrientations = UIInterfaceOrientationPortrait;
				INFOPLIST_KEY_UISupportedInterfaceOrientations_iPad = "UIInterfaceOrientationLandscapeLeft UIInterfaceOrientationLandscapeRight UIInterfaceOrientationPortrait UIInterfaceOrientationPortraitUpsideDown";
				LD_RUNPATH_SEARCH_PATHS = (
					"$(inherited)",
					"@executable_path/Frameworks",
				);
				MARKETING_VERSION = 1.4;
				PRODUCT_BUNDLE_IDENTIFIER = com.cityXcape.CityXcape0;
				PRODUCT_NAME = "$(TARGET_NAME)";
				SUPPORTED_PLATFORMS = "iphoneos iphonesimulator";
				SUPPORTS_MACCATALYST = NO;
				SUPPORTS_MAC_DESIGNED_FOR_IPHONE_IPAD = NO;
				SWIFT_EMIT_LOC_STRINGS = YES;
				SWIFT_VERSION = 5.0;
				TARGETED_DEVICE_FAMILY = "1,2";
			};
			name = Debug;
		};
		21CDB6012A82A2C900A2E1FD /* Release */ = {
			isa = XCBuildConfiguration;
			buildSettings = {
				ASSETCATALOG_COMPILER_APPICON_NAME = AppIcon;
				ASSETCATALOG_COMPILER_GLOBAL_ACCENT_COLOR_NAME = AccentColor;
				CODE_SIGN_ENTITLEMENTS = CityXcape/CityXcape.entitlements;
				CODE_SIGN_STYLE = Automatic;
				CURRENT_PROJECT_VERSION = 1;
				DEVELOPMENT_ASSET_PATHS = "\"CityXcape/Preview Content\"";
				DEVELOPMENT_TEAM = M85RTB7279;
				ENABLE_PREVIEWS = YES;
				GENERATE_INFOPLIST_FILE = YES;
				INFOPLIST_FILE = CityXcape/Info.plist;
				INFOPLIST_KEY_NSCameraUsageDescription = "CityXcape needs access to your camera for spot image";
				INFOPLIST_KEY_NSLocationAlwaysAndWhenInUseUsageDescription = "CityXcape needs your location to find spots near you";
				INFOPLIST_KEY_NSLocationWhenInUseUsageDescription = "CityXcape needs your location to find spots near you";
				INFOPLIST_KEY_NSPhotoLibraryAddUsageDescription = "CityXcape wants to save your stamps";
				INFOPLIST_KEY_NSPhotoLibraryUsageDescription = "CityXcape needs access to your photo library for spot images";
				INFOPLIST_KEY_UIApplicationSceneManifest_Generation = YES;
				INFOPLIST_KEY_UIApplicationSupportsIndirectInputEvents = YES;
				INFOPLIST_KEY_UILaunchScreen_Generation = YES;
				INFOPLIST_KEY_UISupportedInterfaceOrientations = UIInterfaceOrientationPortrait;
				INFOPLIST_KEY_UISupportedInterfaceOrientations_iPad = "UIInterfaceOrientationLandscapeLeft UIInterfaceOrientationLandscapeRight UIInterfaceOrientationPortrait UIInterfaceOrientationPortraitUpsideDown";
				LD_RUNPATH_SEARCH_PATHS = (
					"$(inherited)",
					"@executable_path/Frameworks",
				);
				MARKETING_VERSION = 1.4;
				PRODUCT_BUNDLE_IDENTIFIER = com.cityXcape.CityXcape0;
				PRODUCT_NAME = "$(TARGET_NAME)";
				SUPPORTED_PLATFORMS = "iphoneos iphonesimulator";
				SUPPORTS_MACCATALYST = NO;
				SUPPORTS_MAC_DESIGNED_FOR_IPHONE_IPAD = NO;
				SWIFT_EMIT_LOC_STRINGS = YES;
				SWIFT_VERSION = 5.0;
				TARGETED_DEVICE_FAMILY = "1,2";
			};
			name = Release;
		};
/* End XCBuildConfiguration section */

/* Begin XCConfigurationList section */
		21CDB5EC2A82A2C800A2E1FD /* Build configuration list for PBXProject "CityXcape" */ = {
			isa = XCConfigurationList;
			buildConfigurations = (
				21CDB5FD2A82A2C900A2E1FD /* Debug */,
				21CDB5FE2A82A2C900A2E1FD /* Release */,
			);
			defaultConfigurationIsVisible = 0;
			defaultConfigurationName = Release;
		};
		21CDB5FF2A82A2C900A2E1FD /* Build configuration list for PBXNativeTarget "CityXcape" */ = {
			isa = XCConfigurationList;
			buildConfigurations = (
				21CDB6002A82A2C900A2E1FD /* Debug */,
				21CDB6012A82A2C900A2E1FD /* Release */,
			);
			defaultConfigurationIsVisible = 0;
			defaultConfigurationName = Release;
		};
/* End XCConfigurationList section */

/* Begin XCRemoteSwiftPackageReference section */
		21AE54FC2A8BBC4000CF1820 /* XCRemoteSwiftPackageReference "SDWebImageSwiftUI" */ = {
			isa = XCRemoteSwiftPackageReference;
			repositoryURL = "https://github.com/SDWebImage/SDWebImageSwiftUI.git";
			requirement = {
				kind = upToNextMajorVersion;
				minimumVersion = 2.0.0;
			};
		};
		21BB4CA42A83C20E00A7FAD3 /* XCRemoteSwiftPackageReference "GoogleSignIn-iOS" */ = {
			isa = XCRemoteSwiftPackageReference;
			repositoryURL = "https://github.com/google/GoogleSignIn-iOS";
			requirement = {
				kind = upToNextMajorVersion;
				minimumVersion = 7.0.0;
			};
		};
		21CDB6042A82A6C900A2E1FD /* XCRemoteSwiftPackageReference "firebase-ios-sdk" */ = {
			isa = XCRemoteSwiftPackageReference;
			repositoryURL = "https://github.com/firebase/firebase-ios-sdk";
			requirement = {
				kind = upToNextMajorVersion;
				minimumVersion = 10.0.0;
			};
		};
		21CE1A772A870744005DAD42 /* XCRemoteSwiftPackageReference "swiftui-async-button" */ = {
			isa = XCRemoteSwiftPackageReference;
			repositoryURL = "https://github.com/lorenzofiamingo/swiftui-async-button";
			requirement = {
				kind = upToNextMajorVersion;
				minimumVersion = 1.0.0;
			};
		};
		21CE839C2AA3518A00D86F88 /* XCRemoteSwiftPackageReference "SwiftUI-Shimmer" */ = {
			isa = XCRemoteSwiftPackageReference;
			repositoryURL = "https://github.com/markiv/SwiftUI-Shimmer.git";
			requirement = {
				kind = upToNextMajorVersion;
				minimumVersion = 1.0.0;
			};
		};
/* End XCRemoteSwiftPackageReference section */

/* Begin XCSwiftPackageProductDependency section */
		21AE54FD2A8BBC4000CF1820 /* SDWebImageSwiftUI */ = {
			isa = XCSwiftPackageProductDependency;
			package = 21AE54FC2A8BBC4000CF1820 /* XCRemoteSwiftPackageReference "SDWebImageSwiftUI" */;
			productName = SDWebImageSwiftUI;
		};
		21B790D72AF01EE500D0448E /* FirebaseMessaging */ = {
			isa = XCSwiftPackageProductDependency;
			package = 21CDB6042A82A6C900A2E1FD /* XCRemoteSwiftPackageReference "firebase-ios-sdk" */;
			productName = FirebaseMessaging;
		};
		21BB4CA52A83C20E00A7FAD3 /* GoogleSignIn */ = {
			isa = XCSwiftPackageProductDependency;
			package = 21BB4CA42A83C20E00A7FAD3 /* XCRemoteSwiftPackageReference "GoogleSignIn-iOS" */;
			productName = GoogleSignIn;
		};
		21BB4CA72A83C20E00A7FAD3 /* GoogleSignInSwift */ = {
			isa = XCSwiftPackageProductDependency;
			package = 21BB4CA42A83C20E00A7FAD3 /* XCRemoteSwiftPackageReference "GoogleSignIn-iOS" */;
			productName = GoogleSignInSwift;
		};
		21CDB6052A82A6C900A2E1FD /* FirebaseAnalytics */ = {
			isa = XCSwiftPackageProductDependency;
			package = 21CDB6042A82A6C900A2E1FD /* XCRemoteSwiftPackageReference "firebase-ios-sdk" */;
			productName = FirebaseAnalytics;
		};
		21CDB6072A82A6C900A2E1FD /* FirebaseAuth */ = {
			isa = XCSwiftPackageProductDependency;
			package = 21CDB6042A82A6C900A2E1FD /* XCRemoteSwiftPackageReference "firebase-ios-sdk" */;
			productName = FirebaseAuth;
		};
		21CDB6092A82A6C900A2E1FD /* FirebaseCrashlytics */ = {
			isa = XCSwiftPackageProductDependency;
			package = 21CDB6042A82A6C900A2E1FD /* XCRemoteSwiftPackageReference "firebase-ios-sdk" */;
			productName = FirebaseCrashlytics;
		};
		21CDB60B2A82A6C900A2E1FD /* FirebaseFirestore */ = {
			isa = XCSwiftPackageProductDependency;
			package = 21CDB6042A82A6C900A2E1FD /* XCRemoteSwiftPackageReference "firebase-ios-sdk" */;
			productName = FirebaseFirestore;
		};
		21CDB60D2A82A6C900A2E1FD /* FirebaseFirestoreSwift */ = {
			isa = XCSwiftPackageProductDependency;
			package = 21CDB6042A82A6C900A2E1FD /* XCRemoteSwiftPackageReference "firebase-ios-sdk" */;
			productName = FirebaseFirestoreSwift;
		};
		21CDB60F2A82A6C900A2E1FD /* FirebaseStorage */ = {
			isa = XCSwiftPackageProductDependency;
			package = 21CDB6042A82A6C900A2E1FD /* XCRemoteSwiftPackageReference "firebase-ios-sdk" */;
			productName = FirebaseStorage;
		};
		21CE1A782A870744005DAD42 /* AsyncButton */ = {
			isa = XCSwiftPackageProductDependency;
			package = 21CE1A772A870744005DAD42 /* XCRemoteSwiftPackageReference "swiftui-async-button" */;
			productName = AsyncButton;
		};
		21CE839D2AA3518A00D86F88 /* Shimmer */ = {
			isa = XCSwiftPackageProductDependency;
			package = 21CE839C2AA3518A00D86F88 /* XCRemoteSwiftPackageReference "SwiftUI-Shimmer" */;
			productName = Shimmer;
		};
/* End XCSwiftPackageProductDependency section */
	};
	rootObject = 21CDB5E92A82A2C800A2E1FD /* Project object */;
}
